
Microsoft Visual Studio Solution File, Format Version 12.00
# Visual Studio Version 17
VisualStudioVersion = 17.1.32421.90
MinimumVisualStudioVersion = 10.0.40219.1
Project("{2150E333-8FDC-42A3-9474-1A3956D46DE8}") = "Doc", "Doc", "{D5E54D44-C636-4BB3-B54E-7B163C17DC45}"
EndProject
Project("{2150E333-8FDC-42A3-9474-1A3956D46DE8}") = "Solution Items", "Solution Items", "{B2731AF1-FBD7-43AF-B79F-51B53E67EC88}"
EndProject
Project("{2150E333-8FDC-42A3-9474-1A3956D46DE8}") = "Src", "Src", "{C6D0E9F0-AB5E-4FF6-91E4-92196C13F4EA}"
EndProject
Project("{2150E333-8FDC-42A3-9474-1A3956D46DE8}") = "Tests", "Tests", "{693B5155-9934-4D0B-A17B-C3667DEFEAC8}"
EndProject
Project("{2150E333-8FDC-42A3-9474-1A3956D46DE8}") = "Core", "Core", "{EF20D54A-0A13-46E7-826C-368211310BC7}"
EndProject
Project("{2150E333-8FDC-42A3-9474-1A3956D46DE8}") = "Infrastructures", "Infrastructures", "{65DE2F89-5CB3-4163-9DB6-507C176ACB79}"
EndProject
Project("{9A19103F-16F7-4668-BE54-9A1E7A4F7556}") = "Domain", "Domain\Domain.csproj", "{422E8FB6-A53C-4B5C-ACE4-3797640EE78B}"
EndProject
Project("{9A19103F-16F7-4668-BE54-9A1E7A4F7556}") = "Application", "Application\Application.csproj", "{427386C9-E006-451A-81EE-81E9F103F922}"
EndProject
Project("{9A19103F-16F7-4668-BE54-9A1E7A4F7556}") = "Infrastructure", "Infrastructure\Infrastructure.csproj", "{37FE6BFA-0790-43AF-9F95-132D502950F7}"
EndProject
Project("{2150E333-8FDC-42A3-9474-1A3956D46DE8}") = "Presentation", "Presentation", "{5185C091-19F0-4189-AC47-E3CCDA3FC262}"
EndProject
Project("{9A19103F-16F7-4668-BE54-9A1E7A4F7556}") = "Persistence", "Persistence\Persistence.csproj", "{CABAAF02-EAA2-4F1D-9F0F-4B6CE3B696CF}"
EndProject
Project("{9A19103F-16F7-4668-BE54-9A1E7A4F7556}") = "WebSite.EndPoint", "WebSite.EndPoint\WebSite.EndPoint.csproj", "{713BDF85-CC64-44F7-A9B7-5A28F8849C8D}"
EndProject
Project("{FAE04EC0-301F-11D3-BF4B-00C04F79EFBC}") = "Admin.EndPoint", "Admin.EndPoint\Admin.EndPoint.csproj", "{6016B961-88A7-4F75-ABB1-A283FE89F2B1}"
EndProject
Global
	GlobalSection(SolutionConfigurationPlatforms) = preSolution
		Debug|Any CPU = Debug|Any CPU
		Release|Any CPU = Release|Any CPU
	EndGlobalSection
	GlobalSection(ProjectConfigurationPlatforms) = postSolution
		{422E8FB6-A53C-4B5C-ACE4-3797640EE78B}.Debug|Any CPU.ActiveCfg = Debug|Any CPU
		{422E8FB6-A53C-4B5C-ACE4-3797640EE78B}.Debug|Any CPU.Build.0 = Debug|Any CPU
		{422E8FB6-A53C-4B5C-ACE4-3797640EE78B}.Release|Any CPU.ActiveCfg = Release|Any CPU
		{422E8FB6-A53C-4B5C-ACE4-3797640EE78B}.Release|Any CPU.Build.0 = Release|Any CPU
		{427386C9-E006-451A-81EE-81E9F103F922}.Debug|Any CPU.ActiveCfg = Debug|Any CPU
		{427386C9-E006-451A-81EE-81E9F103F922}.Debug|Any CPU.Build.0 = Debug|Any CPU
		{427386C9-E006-451A-81EE-81E9F103F922}.Release|Any CPU.ActiveCfg = Release|Any CPU
		{427386C9-E006-451A-81EE-81E9F103F922}.Release|Any CPU.Build.0 = Release|Any CPU
		{37FE6BFA-0790-43AF-9F95-132D502950F7}.Debug|Any CPU.ActiveCfg = Debug|Any CPU
		{37FE6BFA-0790-43AF-9F95-132D502950F7}.Debug|Any CPU.Build.0 = Debug|Any CPU
		{37FE6BFA-0790-43AF-9F95-132D502950F7}.Release|Any CPU.ActiveCfg = Release|Any CPU
		{37FE6BFA-0790-43AF-9F95-132D502950F7}.Release|Any CPU.Build.0 = Release|Any CPU
		{CABAAF02-EAA2-4F1D-9F0F-4B6CE3B696CF}.Debug|Any CPU.ActiveCfg = Debug|Any CPU
		{CABAAF02-EAA2-4F1D-9F0F-4B6CE3B696CF}.Debug|Any CPU.Build.0 = Debug|Any CPU
		{CABAAF02-EAA2-4F1D-9F0F-4B6CE3B696CF}.Release|Any CPU.ActiveCfg = Release|Any CPU
		{CABAAF02-EAA2-4F1D-9F0F-4B6CE3B696CF}.Release|Any CPU.Build.0 = Release|Any CPU
		{713BDF85-CC64-44F7-A9B7-5A28F8849C8D}.Debug|Any CPU.ActiveCfg = Debug|Any CPU
		{713BDF85-CC64-44F7-A9B7-5A28F8849C8D}.Debug|Any CPU.Build.0 = Debug|Any CPU
		{713BDF85-CC64-44F7-A9B7-5A28F8849C8D}.Release|Any CPU.ActiveCfg = Release|Any CPU
		{713BDF85-CC64-44F7-A9B7-5A28F8849C8D}.Release|Any CPU.Build.0 = Release|Any CPU
		{6016B961-88A7-4F75-ABB1-A283FE89F2B1}.Debug|Any CPU.ActiveCfg = Debug|Any CPU
		{6016B961-88A7-4F75-ABB1-A283FE89F2B1}.Debug|Any CPU.Build.0 = Debug|Any CPU
		{6016B961-88A7-4F75-ABB1-A283FE89F2B1}.Release|Any CPU.ActiveCfg = Release|Any CPU
		{6016B961-88A7-4F75-ABB1-A283FE89F2B1}.Release|Any CPU.Build.0 = Release|Any CPU
	EndGlobalSection
	GlobalSection(SolutionProperties) = preSolution
		HideSolutionNode = FALSE
	EndGlobalSection
	GlobalSection(NestedProjects) = preSolution
		{EF20D54A-0A13-46E7-826C-368211310BC7} = {C6D0E9F0-AB5E-4FF6-91E4-92196C13F4EA}
		{65DE2F89-5CB3-4163-9DB6-507C176ACB79} = {C6D0E9F0-AB5E-4FF6-91E4-92196C13F4EA}
		{422E8FB6-A53C-4B5C-ACE4-3797640EE78B} = {EF20D54A-0A13-46E7-826C-368211310BC7}
		{427386C9-E006-451A-81EE-81E9F103F922} = {EF20D54A-0A13-46E7-826C-368211310BC7}
		{37FE6BFA-0790-43AF-9F95-132D502950F7} = {65DE2F89-5CB3-4163-9DB6-507C176ACB79}
		{5185C091-19F0-4189-AC47-E3CCDA3FC262} = {C6D0E9F0-AB5E-4FF6-91E4-92196C13F4EA}
		{CABAAF02-EAA2-4F1D-9F0F-4B6CE3B696CF} = {65DE2F89-5CB3-4163-9DB6-507C176ACB79}
		{713BDF85-CC64-44F7-A9B7-5A28F8849C8D} = {5185C091-19F0-4189-AC47-E3CCDA3FC262}
		{6016B961-88A7-4F75-ABB1-A283FE89F2B1} = {5185C091-19F0-4189-AC47-E3CCDA3FC262}
	EndGlobalSection
	GlobalSection(ExtensibilityGlobals) = postSolution
		SolutionGuid = {B48D3DA7-BCD2-426A-A786-59ACDAA2994F}
	EndGlobalSection
EndGlobal
